<?xml version="1.0" encoding="utf-8"?>
<Project ToolsVersion="4.0" xmlns="http://schemas.microsoft.com/developer/msbuild/2003">
  <ItemGroup>
    <Filter Include="头文件">
      <UniqueIdentifier>{93995380-89BD-4b04-88EB-625FBE52EBFB}</UniqueIdentifier>
      <Extensions>h;hh;hpp;hxx;hm;inl;inc;xsd</Extensions>
    </Filter>
    <Filter Include="资源文件">
      <UniqueIdentifier>{67DA6AB6-F800-4c08-8B7A-83BB121AAD01}</UniqueIdentifier>
      <Extensions>rc;ico;cur;bmp;dlg;rc2;rct;bin;rgs;gif;jpg;jpeg;jpe;resx;tiff;tif;png;wav;mfcribbon-ms</Extensions>
    </Filter>
    <Filter Include="哈希表">
      <UniqueIdentifier>{c44a717b-a9ed-4487-819b-eac631a38516}</UniqueIdentifier>
    </Filter>
    <Filter Include="链表">
      <UniqueIdentifier>{4FC737F1-C7A5-4376-A066-2A32D752A2FF}</UniqueIdentifier>
      <Extensions>cpp;c;cc;cxx;def;odl;idl;hpj;bat;asm;asmx</Extensions>
    </Filter>
    <Filter Include="栈和队列">
      <UniqueIdentifier>{a99d3ee2-1864-4909-babe-811092ca728f}</UniqueIdentifier>
    </Filter>
    <Filter Include="二叉树">
      <UniqueIdentifier>{07586b69-f7d7-4a29-9608-15348de9b870}</UniqueIdentifier>
    </Filter>
    <Filter Include="堆和优先队列">
      <UniqueIdentifier>{cf373783-e307-433d-9c89-30ac9561a073}</UniqueIdentifier>
    </Filter>
  </ItemGroup>
  <ItemGroup>
    <ClCompile Include="双链表.cpp">
      <Filter>链表</Filter>
    </ClCompile>
    <ClCompile Include="哈希表.cpp">
      <Filter>哈希表</Filter>
    </ClCompile>
    <ClCompile Include="栈.cpp">
      <Filter>栈和队列</Filter>
    </ClCompile>
    <ClCompile Include="队列.cpp">
      <Filter>栈和队列</Filter>
    </ClCompile>
    <ClCompile Include="二叉树.cpp">
      <Filter>二叉树</Filter>
    </ClCompile>
    <ClCompile Include="二叉搜索树.cpp">
      <Filter>二叉树</Filter>
    </ClCompile>
    <ClCompile Include="堆.cpp">
      <Filter>堆和优先队列</Filter>
    </ClCompile>
    <ClCompile Include="优先队列.cpp">
      <Filter>堆和优先队列</Filter>
    </ClCompile>
  </ItemGroup>
  <ItemGroup>
    <ClInclude Include="list.h">
      <Filter>头文件</Filter>
    </ClInclude>
    <ClInclude Include="bitree.h">
      <Filter>头文件</Filter>
    </ClInclude>
    <ClInclude Include="Heap.h">
      <Filter>头文件</Filter>
    </ClInclude>
  </ItemGroup>
</Project>